
Microsoft Visual Studio Solution File, Format Version 12.00
# Visual Studio 14
VisualStudioVersion = 14.0.25420.1
MinimumVisualStudioVersion = 10.0.40219.1
Project("{FAE04EC0-301F-11D3-BF4B-00C04F79EFBC}") = "SportData.Web", "SportData.Web\SportData.Web.csproj", "{47869E17-5642-41A1-A8C8-A8F8AE930C25}"
EndProject
Project("{FAE04EC0-301F-11D3-BF4B-00C04F79EFBC}") = "SportData.Tests", "SportData.Tests\SportData.Tests.csproj", "{ABA9DAE6-F1D2-4C50-BA27-21A659E03143}"
EndProject
Project("{FAE04EC0-301F-11D3-BF4B-00C04F79EFBC}") = "SportData.Data", "SportData.Data\SportData.Data.csproj", "{FDD03BB3-C430-4315-97DE-173B1DB978F4}"
EndProject
Global
	GlobalSection(SolutionConfigurationPlatforms) = preSolution
		Debug|Any CPU = Debug|Any CPU
		Release|Any CPU = Release|Any CPU
	EndGlobalSection
	GlobalSection(ProjectConfigurationPlatforms) = postSolution
		{47869E17-5642-41A1-A8C8-A8F8AE930C25}.Debug|Any CPU.ActiveCfg = Debug|Any CPU
		{47869E17-5642-41A1-A8C8-A8F8AE930C25}.Debug|Any CPU.Build.0 = Debug|Any CPU
		{47869E17-5642-41A1-A8C8-A8F8AE930C25}.Release|Any CPU.ActiveCfg = Release|Any CPU
		{47869E17-5642-41A1-A8C8-A8F8AE930C25}.Release|Any CPU.Build.0 = Release|Any CPU
		{ABA9DAE6-F1D2-4C50-BA27-21A659E03143}.Debug|Any CPU.ActiveCfg = Debug|Any CPU
		{ABA9DAE6-F1D2-4C50-BA27-21A659E03143}.Debug|Any CPU.Build.0 = Debug|Any CPU
		{ABA9DAE6-F1D2-4C50-BA27-21A659E03143}.Release|Any CPU.ActiveCfg = Release|Any CPU
		{ABA9DAE6-F1D2-4C50-BA27-21A659E03143}.Release|Any CPU.Build.0 = Release|Any CPU
		{FDD03BB3-C430-4315-97DE-173B1DB978F4}.Debug|Any CPU.ActiveCfg = Debug|Any CPU
		{FDD03BB3-C430-4315-97DE-173B1DB978F4}.Debug|Any CPU.Build.0 = Debug|Any CPU
		{FDD03BB3-C430-4315-97DE-173B1DB978F4}.Release|Any CPU.ActiveCfg = Release|Any CPU
		{FDD03BB3-C430-4315-97DE-173B1DB978F4}.Release|Any CPU.Build.0 = Release|Any CPU
	EndGlobalSection
	GlobalSection(SolutionProperties) = preSolution
		HideSolutionNode = FALSE
	EndGlobalSection
	GlobalSection(TeamFoundationVersionControl) = preSolution
		SccNumberOfProjects = 4
		SccEnterpriseProvider = {4CA58AB2-18FA-4F8D-95D4-32DDF27D184C}
		SccTeamFoundationServer = https://temeliev.visualstudio.com/
		SccLocalPath0 = .
		SccProjectUniqueName1 = SportData.Tests\\SportData.Tests.csproj
		SccProjectName1 = SportData.Tests
		SccLocalPath1 = SportData.Tests
		SccProjectUniqueName2 = SportData.Web\\SportData.Web.csproj
		SccProjectName2 = SportData.Web
		SccLocalPath2 = SportData.Web
		SccProjectUniqueName3 = SportData.Data\\SportData.Data.csproj
		SccProjectName3 = SportData.Data
		SccLocalPath3 = SportData.Data
	EndGlobalSection
EndGlobal
